// !$*UTF8*$!
{
	archiveVersion = 1;
	classes = {
	};
	objectVersion = 46;
	objects = {

/* Begin PBXBuildFile section */
		07120C9B1FFACA7500F13BD5 /* minvplotsender.cpp in Sources */ = {isa = PBXBuildFile; fileRef = 07120C991FFACA7400F13BD5 /* minvplotsender.cpp */; };
/* End PBXBuildFile section */

/* Begin PBXCopyFilesBuildPhase section */
		0700DA791FFA96F00076D4D6 /* CopyFiles */ = {
			isa = PBXCopyFilesBuildPhase;
			buildActionMask = 2147483647;
			dstPath = /usr/share/man/man1/;
			dstSubfolderSpec = 0;
			files = (
			);
			runOnlyForDeploymentPostprocessing = 1;
		};
/* End PBXCopyFilesBuildPhase section */

/* Begin PBXFileReference section */
		0700DA7B1FFA96F00076D4D6 /* min-vplot-sender */ = {isa = PBXFileReference; explicitFileType = "compiled.mach-o.executable"; includeInIndex = 0; path = "min-vplot-sender"; sourceTree = BUILT_PRODUCTS_DIR; };
		07120C981FFACA7400F13BD5 /* serial_osx.h */ = {isa = PBXFileReference; fileEncoding = 4; lastKnownFileType = sourcecode.c.h; path = serial_osx.h; sourceTree = "<group>"; };
		07120C991FFACA7400F13BD5 /* minvplotsender.cpp */ = {isa = PBXFileReference; fileEncoding = 4; lastKnownFileType = sourcecode.cpp.cpp; name = minvplotsender.cpp; path = ../minvplotsender.cpp; sourceTree = "<group>"; };
		07120C9A1FFACA7400F13BD5 /* serial.h */ = {isa = PBXFileReference; fileEncoding = 4; lastKnownFileType = sourcecode.c.h; name = serial.h; path = ../serial.h; sourceTree = "<group>"; };
/* End PBXFileReference section */

/* Begin PBXFrameworksBuildPhase section */
		0700DA781FFA96F00076D4D6 /* Frameworks */ = {
			isa = PBXFrameworksBuildPhase;
			buildActionMask = 2147483647;
			files = (
			);
			runOnlyForDeploymentPostprocessing = 0;
		};
/* End PBXFrameworksBuildPhase section */

/* Begin PBXGroup section */
		0700DA721FFA96F00076D4D6 = {
			isa = PBXGroup;
			children = (
				0700DA7D1FFA96F00076D4D6 /* min-vplot-sender */,
				0700DA7C1FFA96F00076D4D6 /* Products */,
			);
			sourceTree = "<group>";
		};
		0700DA7C1FFA96F00076D4D6 /* Products */ = {
			isa = PBXGroup;
			children = (
				0700DA7B1FFA96F00076D4D6 /* min-vplot-sender */,
			);
			name = Products;
			sourceTree = "<group>";
		};
		0700DA7D1FFA96F00076D4D6 /* min-vplot-sender */ = {
			isa = PBXGroup;
			children = (
				07120C991FFACA7400F13BD5 /* minvplotsender.cpp */,
				07120C981FFACA7400F13BD5 /* serial_osx.h */,
				07120C9A1FFACA7400F13BD5 /* serial.h */,
			);
			name = "min-vplot-sender";
			sourceTree = "<group>";
		};
/* End PBXGroup section */

/* Begin PBXNativeTarget section */
		0700DA7A1FFA96F00076D4D6 /* min-vplot-sender */ = {
			isa = PBXNativeTarget;
			buildConfigurationList = 0700DA841FFA96F00076D4D6 /* Build configuration list for PBXNativeTarget "min-vplot-sender" */;
			buildPhases = (
				0700DA771FFA96F00076D4D6 /* Sources */,
				0700DA781FFA96F00076D4D6 /* Frameworks */,
				0700DA791FFA96F00076D4D6 /* CopyFiles */,
			);
			buildRules = (
			);
			dependencies = (
			);
			name = "min-vplot-sender";
			productName = "min-vplot-sender";
			productReference = 0700DA7B1FFA96F00076D4D6 /* min-vplot-sender */;
			productType = "com.apple.product-type.tool";
		};
/* End PBXNativeTarget section */

/* Begin PBXProject section */
		0700DA731FFA96F00076D4D6 /* Project object */ = {
			isa = PBXProject;
			attributes = {
				LastUpgradeCheck = 0500;
				ORGANIZATIONNAME = "Eric Boyd";
			};
			buildConfigurationList = 0700DA761FFA96F00076D4D6 /* Build configuration list for PBXProject "min-vplot-sender" */;
			compatibilityVersion = "Xcode 3.2";
			developmentRegion = English;
			hasScannedForEncodings = 0;
			knownRegions = (
				en,
			);
			mainGroup = 0700DA721FFA96F00076D4D6;
			productRefGroup = 0700DA7C1FFA96F00076D4D6 /* Products */;
			projectDirPath = "";
			projectRoot = "";
			targets = (
				0700DA7A1FFA96F00076D4D6 /* min-vplot-sender */,
			);
		};
/* End PBXProject section */

/* Begin PBXSourcesBuildPhase section */
		0700DA771FFA96F00076D4D6 /* Sources */ = {
			isa = PBXSourcesBuildPhase;
			buildActionMask = 2147483647;
			files = (
				07120C9B1FFACA7500F13BD5 /* minvplotsender.cpp in Sources */,
			);
			runOnlyForDeploymentPostprocessing = 0;
		};
/* End PBXSourcesBuildPhase section */

/* Begin XCBuildConfiguration section */
		0700DA821FFA96F00076D4D6 /* Debug */ = {
			isa = XCBuildConfiguration;
			buildSettings = {
				ALWAYS_SEARCH_USER_PATHS = NO;
				CLANG_CXX_LANGUAGE_STANDARD = "gnu++0x";
				CLANG_CXX_LIBRARY = "libc++";
				CLANG_ENABLE_OBJC_ARC = YES;
				CLANG_WARN_BOOL_CONVERSION = YES;
				CLANG_WARN_CONSTANT_CONVERSION = YES;
				CLANG_WARN_DIRECT_OBJC_ISA_USAGE = YES_ERROR;
				CLANG_WARN_EMPTY_BODY = YES;
				CLANG_WARN_ENUM_CONVERSION = YES;
				CLANG_WARN_INT_CONVERSION = YES;
				CLANG_WARN_OBJC_ROOT_CLASS = YES_ERROR;
				CLANG_WARN__DUPLICATE_METHOD_MATCH = YES;
				COPY_PHASE_STRIP = NO;
				GCC_C_LANGUAGE_STANDARD = gnu99;
				GCC_DYNAMIC_NO_PIC = NO;
				GCC_ENABLE_OBJC_EXCEPTIONS = YES;
				GCC_OPTIMIZATION_LEVEL = 0;
				GCC_PREPROCESSOR_DEFINITIONS = (
					"DEBUG=1",
					"$(inherited)",
				);
				GCC_SYMBOLS_PRIVATE_EXTERN = NO;
				GCC_WARN_64_TO_32_BIT_CONVERSION = YES;
				GCC_WARN_ABOUT_RETURN_TYPE = YES_ERROR;
				GCC_WARN_UNDECLARED_SELECTOR = YES;
				GCC_WARN_UNINITIALIZED_AUTOS = YES;
				GCC_WARN_UNUSED_FUNCTION = YES;
				GCC_WARN_UNUSED_VARIABLE = YES;
				MACOSX_DEPLOYMENT_TARGET = 10.12;
				ONLY_ACTIVE_ARCH = YES;
				SDKROOT = macosx;
			};
			name = Debug;
		};
		0700DA831FFA96F00076D4D6 /* Release */ = {
			isa = XCBuildConfiguration;
			buildSettings = {
				ALWAYS_SEARCH_USER_PATHS = NO;
				CLANG_CXX_LANGUAGE_STANDARD = "gnu++0x";
				CLANG_CXX_LIBRARY = "libc++";
				CLANG_ENABLE_OBJC_ARC = YES;
				CLANG_WARN_BOOL_CONVERSION = YES;
				CLANG_WARN_CONSTANT_CONVERSION = YES;
				CLANG_WARN_DIRECT_OBJC_ISA_USAGE = YES_ERROR;
				CLANG_WARN_EMPTY_BODY = YES;
				CLANG_WARN_ENUM_CONVERSION = YES;
				CLANG_WARN_INT_CONVERSION = YES;
				CLANG_WARN_OBJC_ROOT_CLASS = YES_ERROR;
				CLANG_WARN__DUPLICATE_METHOD_MATCH = YES;
				COPY_PHASE_STRIP = YES;
				DEBUG_INFORMATION_FORMAT = "dwarf-with-dsym";
				ENABLE_NS_ASSERTIONS = NO;
				GCC_C_LANGUAGE_STANDARD = gnu99;
				GCC_ENABLE_OBJC_EXCEPTIONS = YES;
				GCC_WARN_64_TO_32_BIT_CONVERSION = YES;
				GCC_WARN_ABOUT_RETURN_TYPE = YES_ERROR;
				GCC_WARN_UNDECLARED_SELECTOR = YES;
				GCC_WARN_UNINITIALIZED_AUTOS = YES;
				GCC_WARN_UNUSED_FUNCTION = YES;
				GCC_WARN_UNUSED_VARIABLE = YES;
				MACOSX_DEPLOYMENT_TARGET = 10.12;
				SDKROOT = macosx;
			};
			name = Release;
		};
		0700DA851FFA96F00076D4D6 /* Debug */ = {
			isa = XCBuildConfiguration;
			buildSettings = {
				CLANG_CXX_LANGUAGE_STANDARD = "c++17";
				MACOSX_DEPLOYMENT_TARGET = 10.12;
				PRODUCT_NAME = "$(TARGET_NAME)";
			};
			name = Debug;
		};
		0700DA861FFA96F00076D4D6 /* Release */ = {
			isa = XCBuildConfiguration;
			buildSettings = {
				CLANG_CXX_LANGUAGE_STANDARD = "c++17";
				MACOSX_DEPLOYMENT_TARGET = 10.12;
				PRODUCT_NAME = "$(TARGET_NAME)";
			};
			name = Release;
		};
/* End XCBuildConfiguration section */

/* Begin XCConfigurationList section */
		0700DA761FFA96F00076D4D6 /* Build configuration list for PBXProject "min-vplot-sender" */ = {
			isa = XCConfigurationList;
			buildConfigurations = (
				0700DA821FFA96F00076D4D6 /* Debug */,
				0700DA831FFA96F00076D4D6 /* Release */,
			);
			defaultConfigurationIsVisible = 0;
			defaultConfigurationName = Release;
		};
		0700DA841FFA96F00076D4D6 /* Build configuration list for PBXNativeTarget "min-vplot-sender" */ = {
			isa = XCConfigurationList;
			buildConfigurations = (
				0700DA851FFA96F00076D4D6 /* Debug */,
				0700DA861FFA96F00076D4D6 /* Release */,
			);
			defaultConfigurationIsVisible = 0;
			defaultConfigurationName = Release;
		};
/* End XCConfigurationList section */
	};
	rootObject = 0700DA731FFA96F00076D4D6 /* Project object */;
}
